// !$*UTF8*$!
{
	archiveVersion = 1;
	classes = {
	};
	objectVersion = 56;
	objects = {

/* Begin PBXBuildFile section */
		E816545928EE8D6B002D8366 /* FavoriteButton.swift in Sources */ = {isa = PBXBuildFile; fileRef = E816545828EE8D6B002D8366 /* FavoriteButton.swift */; };
		E816545C28F68B63002D8366 /* HexagonParameters.swift in Sources */ = {isa = PBXBuildFile; fileRef = E816545B28F68B63002D8366 /* HexagonParameters.swift */; };
		E816545E28F68CC6002D8366 /* BadgeBackground.swift in Sources */ = {isa = PBXBuildFile; fileRef = E816545D28F68CC6002D8366 /* BadgeBackground.swift */; };
		E816546028F690F1002D8366 /* BadgeSymbol.swift in Sources */ = {isa = PBXBuildFile; fileRef = E816545F28F690F1002D8366 /* BadgeSymbol.swift */; };
		E816546228F691E9002D8366 /* RotatedBadgeSymbol.swift in Sources */ = {isa = PBXBuildFile; fileRef = E816546128F691E9002D8366 /* RotatedBadgeSymbol.swift */; };
		E816546428F69242002D8366 /* Badge.swift in Sources */ = {isa = PBXBuildFile; fileRef = E816546328F69242002D8366 /* Badge.swift */; };
		E816547828F7DC15002D8366 /* hikeData.json in Resources */ = {isa = PBXBuildFile; fileRef = E816547728F7DC15002D8366 /* hikeData.json */; };
		E816547A28F7DC3B002D8366 /* Hike.swift in Sources */ = {isa = PBXBuildFile; fileRef = E816547928F7DC3B002D8366 /* Hike.swift */; };
		E816548028F7DDC4002D8366 /* GraphCapsule.swift in Sources */ = {isa = PBXBuildFile; fileRef = E816547C28F7DDC4002D8366 /* GraphCapsule.swift */; };
		E816548128F7DDC4002D8366 /* HikeGraph.swift in Sources */ = {isa = PBXBuildFile; fileRef = E816547D28F7DDC4002D8366 /* HikeGraph.swift */; };
		E816548228F7DDC4002D8366 /* HikeDetail.swift in Sources */ = {isa = PBXBuildFile; fileRef = E816547E28F7DDC4002D8366 /* HikeDetail.swift */; };
		E816548328F7DDC4002D8366 /* HikeView.swift in Sources */ = {isa = PBXBuildFile; fileRef = E816547F28F7DDC4002D8366 /* HikeView.swift */; };
		E8970E5128E54DF800FE5C42 /* landmarkData.json in Resources */ = {isa = PBXBuildFile; fileRef = E8970E5028E54DF800FE5C42 /* landmarkData.json */; };
		E8970E5328E54E1A00FE5C42 /* Landmark.swift in Sources */ = {isa = PBXBuildFile; fileRef = E8970E5228E54E1A00FE5C42 /* Landmark.swift */; };
		E8970E5528E54FD100FE5C42 /* ModelData.swift in Sources */ = {isa = PBXBuildFile; fileRef = E8970E5428E54FD100FE5C42 /* ModelData.swift */; };
		E8970E5928E5515800FE5C42 /* LandmarkRow.swift in Sources */ = {isa = PBXBuildFile; fileRef = E8970E5828E5515800FE5C42 /* LandmarkRow.swift */; };
		E8970E5B28E5538500FE5C42 /* LandmarkList.swift in Sources */ = {isa = PBXBuildFile; fileRef = E8970E5A28E5538500FE5C42 /* LandmarkList.swift */; };
		E8970E5D28E554BB00FE5C42 /* LandmarkDetail.swift in Sources */ = {isa = PBXBuildFile; fileRef = E8970E5C28E554BB00FE5C42 /* LandmarkDetail.swift */; };
		E8A7B1FB28DADC5E00488CCF /* LandmarksApp.swift in Sources */ = {isa = PBXBuildFile; fileRef = E8A7B1FA28DADC5E00488CCF /* LandmarksApp.swift */; };
		E8A7B1FD28DADC5E00488CCF /* ContentView.swift in Sources */ = {isa = PBXBuildFile; fileRef = E8A7B1FC28DADC5E00488CCF /* ContentView.swift */; };
		E8A7B1FF28DADC5F00488CCF /* Assets.xcassets in Resources */ = {isa = PBXBuildFile; fileRef = E8A7B1FE28DADC5F00488CCF /* Assets.xcassets */; };
		E8A7B20228DADC5F00488CCF /* Preview Assets.xcassets in Resources */ = {isa = PBXBuildFile; fileRef = E8A7B20128DADC5F00488CCF /* Preview Assets.xcassets */; };
		E8A7B20C28DADC5F00488CCF /* LandmarksTests.swift in Sources */ = {isa = PBXBuildFile; fileRef = E8A7B20B28DADC5F00488CCF /* LandmarksTests.swift */; };
		E8A7B21628DADC5F00488CCF /* LandmarksUITests.swift in Sources */ = {isa = PBXBuildFile; fileRef = E8A7B21528DADC5F00488CCF /* LandmarksUITests.swift */; };
		E8A7B21828DADC5F00488CCF /* LandmarksUITestsLaunchTests.swift in Sources */ = {isa = PBXBuildFile; fileRef = E8A7B21728DADC5F00488CCF /* LandmarksUITestsLaunchTests.swift */; };
		E8A7B22528DAE04300488CCF /* CircleImage.swift in Sources */ = {isa = PBXBuildFile; fileRef = E8A7B22428DAE04300488CCF /* CircleImage.swift */; };
		E8A7B22728DAE19E00488CCF /* MapView.swift in Sources */ = {isa = PBXBuildFile; fileRef = E8A7B22628DAE19E00488CCF /* MapView.swift */; };
/* End PBXBuildFile section */

/* Begin PBXContainerItemProxy section */
		E8A7B20828DADC5F00488CCF /* PBXContainerItemProxy */ = {
			isa = PBXContainerItemProxy;
			containerPortal = E8A7B1EF28DADC5E00488CCF /* Project object */;
			proxyType = 1;
			remoteGlobalIDString = E8A7B1F628DADC5E00488CCF;
			remoteInfo = Landmarks;
		};
		E8A7B21228DADC5F00488CCF /* PBXContainerItemProxy */ = {
			isa = PBXContainerItemProxy;
			containerPortal = E8A7B1EF28DADC5E00488CCF /* Project object */;
			proxyType = 1;
			remoteGlobalIDString = E8A7B1F628DADC5E00488CCF;
			remoteInfo = Landmarks;
		};
/* End PBXContainerItemProxy section */

/* Begin PBXFileReference section */
		E816545828EE8D6B002D8366 /* FavoriteButton.swift */ = {isa = PBXFileReference; lastKnownFileType = sourcecode.swift; path = FavoriteButton.swift; sourceTree = "<group>"; };
		E816545B28F68B63002D8366 /* HexagonParameters.swift */ = {isa = PBXFileReference; lastKnownFileType = sourcecode.swift; path = HexagonParameters.swift; sourceTree = "<group>"; };
		E816545D28F68CC6002D8366 /* BadgeBackground.swift */ = {isa = PBXFileReference; lastKnownFileType = sourcecode.swift; path = BadgeBackground.swift; sourceTree = "<group>"; };
		E816545F28F690F1002D8366 /* BadgeSymbol.swift */ = {isa = PBXFileReference; lastKnownFileType = sourcecode.swift; path = BadgeSymbol.swift; sourceTree = "<group>"; };
		E816546128F691E9002D8366 /* RotatedBadgeSymbol.swift */ = {isa = PBXFileReference; lastKnownFileType = sourcecode.swift; path = RotatedBadgeSymbol.swift; sourceTree = "<group>"; };
		E816546328F69242002D8366 /* Badge.swift */ = {isa = PBXFileReference; lastKnownFileType = sourcecode.swift; path = Badge.swift; sourceTree = "<group>"; };
		E816547728F7DC15002D8366 /* hikeData.json */ = {isa = PBXFileReference; fileEncoding = 4; lastKnownFileType = text.json; path = hikeData.json; sourceTree = "<group>"; };
		E816547928F7DC3B002D8366 /* Hike.swift */ = {isa = PBXFileReference; lastKnownFileType = sourcecode.swift; path = Hike.swift; sourceTree = "<group>"; };
		E816547C28F7DDC4002D8366 /* GraphCapsule.swift */ = {isa = PBXFileReference; fileEncoding = 4; lastKnownFileType = sourcecode.swift; path = GraphCapsule.swift; sourceTree = "<group>"; };
		E816547D28F7DDC4002D8366 /* HikeGraph.swift */ = {isa = PBXFileReference; fileEncoding = 4; lastKnownFileType = sourcecode.swift; path = HikeGraph.swift; sourceTree = "<group>"; };
		E816547E28F7DDC4002D8366 /* HikeDetail.swift */ = {isa = PBXFileReference; fileEncoding = 4; lastKnownFileType = sourcecode.swift; path = HikeDetail.swift; sourceTree = "<group>"; };
		E816547F28F7DDC4002D8366 /* HikeView.swift */ = {isa = PBXFileReference; fileEncoding = 4; lastKnownFileType = sourcecode.swift; path = HikeView.swift; sourceTree = "<group>"; };
		E8970E5028E54DF800FE5C42 /* landmarkData.json */ = {isa = PBXFileReference; fileEncoding = 4; lastKnownFileType = text.json; path = landmarkData.json; sourceTree = "<group>"; };
		E8970E5228E54E1A00FE5C42 /* Landmark.swift */ = {isa = PBXFileReference; lastKnownFileType = sourcecode.swift; path = Landmark.swift; sourceTree = "<group>"; };
		E8970E5428E54FD100FE5C42 /* ModelData.swift */ = {isa = PBXFileReference; lastKnownFileType = sourcecode.swift; path = ModelData.swift; sourceTree = "<group>"; };
		E8970E5828E5515800FE5C42 /* LandmarkRow.swift */ = {isa = PBXFileReference; lastKnownFileType = sourcecode.swift; path = LandmarkRow.swift; sourceTree = "<group>"; };
		E8970E5A28E5538500FE5C42 /* LandmarkList.swift */ = {isa = PBXFileReference; lastKnownFileType = sourcecode.swift; path = LandmarkList.swift; sourceTree = "<group>"; };
		E8970E5C28E554BB00FE5C42 /* LandmarkDetail.swift */ = {isa = PBXFileReference; lastKnownFileType = sourcecode.swift; path = LandmarkDetail.swift; sourceTree = "<group>"; };
		E8A7B1F728DADC5E00488CCF /* Landmarks.app */ = {isa = PBXFileReference; explicitFileType = wrapper.application; includeInIndex = 0; path = Landmarks.app; sourceTree = BUILT_PRODUCTS_DIR; };
		E8A7B1FA28DADC5E00488CCF /* LandmarksApp.swift */ = {isa = PBXFileReference; lastKnownFileType = sourcecode.swift; path = LandmarksApp.swift; sourceTree = "<group>"; };
		E8A7B1FC28DADC5E00488CCF /* ContentView.swift */ = {isa = PBXFileReference; lastKnownFileType = sourcecode.swift; path = ContentView.swift; sourceTree = "<group>"; };
		E8A7B1FE28DADC5F00488CCF /* Assets.xcassets */ = {isa = PBXFileReference; lastKnownFileType = folder.assetcatalog; path = Assets.xcassets; sourceTree = "<group>"; };
		E8A7B20128DADC5F00488CCF /* Preview Assets.xcassets */ = {isa = PBXFileReference; lastKnownFileType = folder.assetcatalog; path = "Preview Assets.xcassets"; sourceTree = "<group>"; };
		E8A7B20728DADC5F00488CCF /* LandmarksTests.xctest */ = {isa = PBXFileReference; explicitFileType = wrapper.cfbundle; includeInIndex = 0; path = LandmarksTests.xctest; sourceTree = BUILT_PRODUCTS_DIR; };
		E8A7B20B28DADC5F00488CCF /* LandmarksTests.swift */ = {isa = PBXFileReference; lastKnownFileType = sourcecode.swift; path = LandmarksTests.swift; sourceTree = "<group>"; };
		E8A7B21128DADC5F00488CCF /* LandmarksUITests.xctest */ = {isa = PBXFileReference; explicitFileType = wrapper.cfbundle; includeInIndex = 0; path = LandmarksUITests.xctest; sourceTree = BUILT_PRODUCTS_DIR; };
		E8A7B21528DADC5F00488CCF /* LandmarksUITests.swift */ = {isa = PBXFileReference; lastKnownFileType = sourcecode.swift; path = LandmarksUITests.swift; sourceTree = "<group>"; };
		E8A7B21728DADC5F00488CCF /* LandmarksUITestsLaunchTests.swift */ = {isa = PBXFileReference; lastKnownFileType = sourcecode.swift; path = LandmarksUITestsLaunchTests.swift; sourceTree = "<group>"; };
		E8A7B22428DAE04300488CCF /* CircleImage.swift */ = {isa = PBXFileReference; lastKnownFileType = sourcecode.swift; path = CircleImage.swift; sourceTree = "<group>"; };
		E8A7B22628DAE19E00488CCF /* MapView.swift */ = {isa = PBXFileReference; lastKnownFileType = sourcecode.swift; path = MapView.swift; sourceTree = "<group>"; };
/* End PBXFileReference section */

/* Begin PBXFrameworksBuildPhase section */
		E8A7B1F428DADC5E00488CCF /* Frameworks */ = {
			isa = PBXFrameworksBuildPhase;
			buildActionMask = 2147483647;
			files = (
			);
			runOnlyForDeploymentPostprocessing = 0;
		};
		E8A7B20428DADC5F00488CCF /* Frameworks */ = {
			isa = PBXFrameworksBuildPhase;
			buildActionMask = 2147483647;
			files = (
			);
			runOnlyForDeploymentPostprocessing = 0;
		};
		E8A7B20E28DADC5F00488CCF /* Frameworks */ = {
			isa = PBXFrameworksBuildPhase;
			buildActionMask = 2147483647;
			files = (
			);
			runOnlyForDeploymentPostprocessing = 0;
		};
/* End PBXFrameworksBuildPhase section */

/* Begin PBXGroup section */
		E816545A28EE8EC9002D8366 /* Helpers */ = {
			isa = PBXGroup;
			children = (
				E8A7B22428DAE04300488CCF /* CircleImage.swift */,
				E816545828EE8D6B002D8366 /* FavoriteButton.swift */,
				E8A7B22628DAE19E00488CCF /* MapView.swift */,
			);
			path = Helpers;
			sourceTree = "<group>";
		};
		E816546528F693CB002D8366 /* Badge */ = {
			isa = PBXGroup;
			children = (
				E816546328F69242002D8366 /* Badge.swift */,
				E816545D28F68CC6002D8366 /* BadgeBackground.swift */,
				E816545F28F690F1002D8366 /* BadgeSymbol.swift */,
				E816545B28F68B63002D8366 /* HexagonParameters.swift */,
				E816546128F691E9002D8366 /* RotatedBadgeSymbol.swift */,
			);
			path = Badge;
			sourceTree = "<group>";
		};
		E816546628F693E8002D8366 /* Landmarks */ = {
			isa = PBXGroup;
			children = (
				E8970E5C28E554BB00FE5C42 /* LandmarkDetail.swift */,
				E8970E5A28E5538500FE5C42 /* LandmarkList.swift */,
				E8970E5828E5515800FE5C42 /* LandmarkRow.swift */,
			);
			path = Landmarks;
			sourceTree = "<group>";
		};
		E816547B28F7DDC4002D8366 /* Hikes */ = {
			isa = PBXGroup;
			children = (
				E816547C28F7DDC4002D8366 /* GraphCapsule.swift */,
				E816547D28F7DDC4002D8366 /* HikeGraph.swift */,
				E816547E28F7DDC4002D8366 /* HikeDetail.swift */,
				E816547F28F7DDC4002D8366 /* HikeView.swift */,
			);
			path = Hikes;
			sourceTree = "<group>";
		};
		E8970E4F28E54DE200FE5C42 /* Resources */ = {
			isa = PBXGroup;
			children = (
				E8A7B1FE28DADC5F00488CCF /* Assets.xcassets */,
				E816547728F7DC15002D8366 /* hikeData.json */,
				E8970E5028E54DF800FE5C42 /* landmarkData.json */,
			);
			path = Resources;
			sourceTree = "<group>";
		};
		E8970E5628E5511400FE5C42 /* Views */ = {
			isa = PBXGroup;
			children = (
				E8A7B1FC28DADC5E00488CCF /* ContentView.swift */,
				E816546528F693CB002D8366 /* Badge */,
				E816545A28EE8EC9002D8366 /* Helpers */,
				E816547B28F7DDC4002D8366 /* Hikes */,
				E816546628F693E8002D8366 /* Landmarks */,
			);
			path = Views;
			sourceTree = "<group>";
		};
		E8970E5728E5511D00FE5C42 /* Model */ = {
			isa = PBXGroup;
			children = (
				E816547928F7DC3B002D8366 /* Hike.swift */,
				E8970E5228E54E1A00FE5C42 /* Landmark.swift */,
				E8970E5428E54FD100FE5C42 /* ModelData.swift */,
			);
			path = Model;
			sourceTree = "<group>";
		};
		E8A7B1EE28DADC5E00488CCF = {
			isa = PBXGroup;
			children = (
				E8A7B1F928DADC5E00488CCF /* Landmarks */,
				E8A7B20A28DADC5F00488CCF /* LandmarksTests */,
				E8A7B21428DADC5F00488CCF /* LandmarksUITests */,
				E8A7B1F828DADC5E00488CCF /* Products */,
			);
			sourceTree = "<group>";
		};
		E8A7B1F828DADC5E00488CCF /* Products */ = {
			isa = PBXGroup;
			children = (
				E8A7B1F728DADC5E00488CCF /* Landmarks.app */,
				E8A7B20728DADC5F00488CCF /* LandmarksTests.xctest */,
				E8A7B21128DADC5F00488CCF /* LandmarksUITests.xctest */,
			);
			name = Products;
			sourceTree = "<group>";
		};
		E8A7B1F928DADC5E00488CCF /* Landmarks */ = {
			isa = PBXGroup;
			children = (
				E8A7B1FA28DADC5E00488CCF /* LandmarksApp.swift */,
				E8970E5728E5511D00FE5C42 /* Model */,
				E8970E5628E5511400FE5C42 /* Views */,
				E8A7B20028DADC5F00488CCF /* Preview Content */,
				E8970E4F28E54DE200FE5C42 /* Resources */,
			);
			path = Landmarks;
			sourceTree = "<group>";
		};
		E8A7B20028DADC5F00488CCF /* Preview Content */ = {
			isa = PBXGroup;
			children = (
				E8A7B20128DADC5F00488CCF /* Preview Assets.xcassets */,
			);
			path = "Preview Content";
			sourceTree = "<group>";
		};
		E8A7B20A28DADC5F00488CCF /* LandmarksTests */ = {
			isa = PBXGroup;
			children = (
				E8A7B20B28DADC5F00488CCF /* LandmarksTests.swift */,
			);
			path = LandmarksTests;
			sourceTree = "<group>";
		};
		E8A7B21428DADC5F00488CCF /* LandmarksUITests */ = {
			isa = PBXGroup;
			children = (
				E8A7B21528DADC5F00488CCF /* LandmarksUITests.swift */,
				E8A7B21728DADC5F00488CCF /* LandmarksUITestsLaunchTests.swift */,
			);
			path = LandmarksUITests;
			sourceTree = "<group>";
		};
/* End PBXGroup section */

/* Begin PBXNativeTarget section */
		E8A7B1F628DADC5E00488CCF /* Landmarks */ = {
			isa = PBXNativeTarget;
			buildConfigurationList = E8A7B21B28DADC5F00488CCF /* Build configuration list for PBXNativeTarget "Landmarks" */;
			buildPhases = (
				E8A7B1F328DADC5E00488CCF /* Sources */,
				E8A7B1F428DADC5E00488CCF /* Frameworks */,
				E8A7B1F528DADC5E00488CCF /* Resources */,
			);
			buildRules = (
			);
			dependencies = (
			);
			name = Landmarks;
			productName = Landmarks;
			productReference = E8A7B1F728DADC5E00488CCF /* Landmarks.app */;
			productType = "com.apple.product-type.application";
		};
		E8A7B20628DADC5F00488CCF /* LandmarksTests */ = {
			isa = PBXNativeTarget;
			buildConfigurationList = E8A7B21E28DADC5F00488CCF /* Build configuration list for PBXNativeTarget "LandmarksTests" */;
			buildPhases = (
				E8A7B20328DADC5F00488CCF /* Sources */,
				E8A7B20428DADC5F00488CCF /* Frameworks */,
				E8A7B20528DADC5F00488CCF /* Resources */,
			);
			buildRules = (
			);
			dependencies = (
				E8A7B20928DADC5F00488CCF /* PBXTargetDependency */,
			);
			name = LandmarksTests;
			productName = LandmarksTests;
			productReference = E8A7B20728DADC5F00488CCF /* LandmarksTests.xctest */;
			productType = "com.apple.product-type.bundle.unit-test";
		};
		E8A7B21028DADC5F00488CCF /* LandmarksUITests */ = {
			isa = PBXNativeTarget;
			buildConfigurationList = E8A7B22128DADC5F00488CCF /* Build configuration list for PBXNativeTarget "LandmarksUITests" */;
			buildPhases = (
				E8A7B20D28DADC5F00488CCF /* Sources */,
				E8A7B20E28DADC5F00488CCF /* Frameworks */,
				E8A7B20F28DADC5F00488CCF /* Resources */,
			);
			buildRules = (
			);
			dependencies = (
				E8A7B21328DADC5F00488CCF /* PBXTargetDependency */,
			);
			name = LandmarksUITests;
			productName = LandmarksUITests;
			productReference = E8A7B21128DADC5F00488CCF /* LandmarksUITests.xctest */;
			productType = "com.apple.product-type.bundle.ui-testing";
		};
/* End PBXNativeTarget section */

/* Begin PBXProject section */
		E8A7B1EF28DADC5E00488CCF /* Project object */ = {
			isa = PBXProject;
			attributes = {
				BuildIndependentTargetsInParallel = 1;
				LastSwiftUpdateCheck = 1400;
				LastUpgradeCheck = 1400;
				TargetAttributes = {
					E8A7B1F628DADC5E00488CCF = {
						CreatedOnToolsVersion = 14.0;
					};
					E8A7B20628DADC5F00488CCF = {
						CreatedOnToolsVersion = 14.0;
						TestTargetID = E8A7B1F628DADC5E00488CCF;
					};
					E8A7B21028DADC5F00488CCF = {
						CreatedOnToolsVersion = 14.0;
						TestTargetID = E8A7B1F628DADC5E00488CCF;
					};
				};
			};
			buildConfigurationList = E8A7B1F228DADC5E00488CCF /* Build configuration list for PBXProject "Landmarks" */;
			compatibilityVersion = "Xcode 14.0";
			developmentRegion = en;
			hasScannedForEncodings = 0;
			knownRegions = (
				en,
				Base,
			);
			mainGroup = E8A7B1EE28DADC5E00488CCF;
			productRefGroup = E8A7B1F828DADC5E00488CCF /* Products */;
			projectDirPath = "";
			projectRoot = "";
			targets = (
				E8A7B1F628DADC5E00488CCF /* Landmarks */,
				E8A7B20628DADC5F00488CCF /* LandmarksTests */,
				E8A7B21028DADC5F00488CCF /* LandmarksUITests */,
			);
		};
/* End PBXProject section */

/* Begin PBXResourcesBuildPhase section */
		E8A7B1F528DADC5E00488CCF /* Resources */ = {
			isa = PBXResourcesBuildPhase;
			buildActionMask = 2147483647;
			files = (
				E816547828F7DC15002D8366 /* hikeData.json in Resources */,
				E8A7B20228DADC5F00488CCF /* Preview Assets.xcassets in Resources */,
				E8A7B1FF28DADC5F00488CCF /* Assets.xcassets in Resources */,
				E8970E5128E54DF800FE5C42 /* landmarkData.json in Resources */,
			);
			runOnlyForDeploymentPostprocessing = 0;
		};
		E8A7B20528DADC5F00488CCF /* Resources */ = {
			isa = PBXResourcesBuildPhase;
			buildActionMask = 2147483647;
			files = (
			);
			runOnlyForDeploymentPostprocessing = 0;
		};
		E8A7B20F28DADC5F00488CCF /* Resources */ = {
			isa = PBXResourcesBuildPhase;
			buildActionMask = 2147483647;
			files = (
			);
			runOnlyForDeploymentPostprocessing = 0;
		};
/* End PBXResourcesBuildPhase section */

/* Begin PBXSourcesBuildPhase section */
		E8A7B1F328DADC5E00488CCF /* Sources */ = {
			isa = PBXSourcesBuildPhase;
			buildActionMask = 2147483647;
			files = (
				E8A7B1FD28DADC5E00488CCF /* ContentView.swift in Sources */,
				E816548128F7DDC4002D8366 /* HikeGraph.swift in Sources */,
				E816546428F69242002D8366 /* Badge.swift in Sources */,
				E8A7B22728DAE19E00488CCF /* MapView.swift in Sources */,
				E816548028F7DDC4002D8366 /* GraphCapsule.swift in Sources */,
				E8A7B1FB28DADC5E00488CCF /* LandmarksApp.swift in Sources */,
				E816545928EE8D6B002D8366 /* FavoriteButton.swift in Sources */,
				E816548228F7DDC4002D8366 /* HikeDetail.swift in Sources */,
				E816545C28F68B63002D8366 /* HexagonParameters.swift in Sources */,
				E816547A28F7DC3B002D8366 /* Hike.swift in Sources */,
				E816546228F691E9002D8366 /* RotatedBadgeSymbol.swift in Sources */,
				E816546028F690F1002D8366 /* BadgeSymbol.swift in Sources */,
				E8970E5B28E5538500FE5C42 /* LandmarkList.swift in Sources */,
				E816548328F7DDC4002D8366 /* HikeView.swift in Sources */,
				E8970E5D28E554BB00FE5C42 /* LandmarkDetail.swift in Sources */,
				E816545E28F68CC6002D8366 /* BadgeBackground.swift in Sources */,
				E8A7B22528DAE04300488CCF /* CircleImage.swift in Sources */,
				E8970E5328E54E1A00FE5C42 /* Landmark.swift in Sources */,
				E8970E5928E5515800FE5C42 /* LandmarkRow.swift in Sources */,
				E8970E5528E54FD100FE5C42 /* ModelData.swift in Sources */,
			);
			runOnlyForDeploymentPostprocessing = 0;
		};
		E8A7B20328DADC5F00488CCF /* Sources */ = {
			isa = PBXSourcesBuildPhase;
			buildActionMask = 2147483647;
			files = (
				E8A7B20C28DADC5F00488CCF /* LandmarksTests.swift in Sources */,
			);
			runOnlyForDeploymentPostprocessing = 0;
		};
		E8A7B20D28DADC5F00488CCF /* Sources */ = {
			isa = PBXSourcesBuildPhase;
			buildActionMask = 2147483647;
			files = (
				E8A7B21828DADC5F00488CCF /* LandmarksUITestsLaunchTests.swift in Sources */,
				E8A7B21628DADC5F00488CCF /* LandmarksUITests.swift in Sources */,
			);
			runOnlyForDeploymentPostprocessing = 0;
		};
/* End PBXSourcesBuildPhase section */

/* Begin PBXTargetDependency section */
		E8A7B20928DADC5F00488CCF /* PBXTargetDependency */ = {
			isa = PBXTargetDependency;
			target = E8A7B1F628DADC5E00488CCF /* Landmarks */;
			targetProxy = E8A7B20828DADC5F00488CCF /* PBXContainerItemProxy */;
		};
		E8A7B21328DADC5F00488CCF /* PBXTargetDependency */ = {
			isa = PBXTargetDependency;
			target = E8A7B1F628DADC5E00488CCF /* Landmarks */;
			targetProxy = E8A7B21228DADC5F00488CCF /* PBXContainerItemProxy */;
		};
/* End PBXTargetDependency section */

/* Begin XCBuildConfiguration section */
		E8A7B21928DADC5F00488CCF /* Debug */ = {
			isa = XCBuildConfiguration;
			buildSettings = {
				ALWAYS_SEARCH_USER_PATHS = NO;
				CLANG_ANALYZER_NONNULL = YES;
				CLANG_ANALYZER_NUMBER_OBJECT_CONVERSION = YES_AGGRESSIVE;
				CLANG_CXX_LANGUAGE_STANDARD = "gnu++20";
				CLANG_ENABLE_MODULES = YES;
				CLANG_ENABLE_OBJC_ARC = YES;
				CLANG_ENABLE_OBJC_WEAK = YES;
				CLANG_WARN_BLOCK_CAPTURE_AUTORELEASING = YES;
				CLANG_WARN_BOOL_CONVERSION = YES;
				CLANG_WARN_COMMA = YES;
				CLANG_WARN_CONSTANT_CONVERSION = YES;
				CLANG_WARN_DEPRECATED_OBJC_IMPLEMENTATIONS = YES;
				CLANG_WARN_DIRECT_OBJC_ISA_USAGE = YES_ERROR;
				CLANG_WARN_DOCUMENTATION_COMMENTS = YES;
				CLANG_WARN_EMPTY_BODY = YES;
				CLANG_WARN_ENUM_CONVERSION = YES;
				CLANG_WARN_INFINITE_RECURSION = YES;
				CLANG_WARN_INT_CONVERSION = YES;
				CLANG_WARN_NON_LITERAL_NULL_CONVERSION = YES;
				CLANG_WARN_OBJC_IMPLICIT_RETAIN_SELF = YES;
				CLANG_WARN_OBJC_LITERAL_CONVERSION = YES;
				CLANG_WARN_OBJC_ROOT_CLASS = YES_ERROR;
				CLANG_WARN_QUOTED_INCLUDE_IN_FRAMEWORK_HEADER = YES;
				CLANG_WARN_RANGE_LOOP_ANALYSIS = YES;
				CLANG_WARN_STRICT_PROTOTYPES = YES;
				CLANG_WARN_SUSPICIOUS_MOVE = YES;
				CLANG_WARN_UNGUARDED_AVAILABILITY = YES_AGGRESSIVE;
				CLANG_WARN_UNREACHABLE_CODE = YES;
				CLANG_WARN__DUPLICATE_METHOD_MATCH = YES;
				COPY_PHASE_STRIP = NO;
				DEBUG_INFORMATION_FORMAT = dwarf;
				ENABLE_STRICT_OBJC_MSGSEND = YES;
				ENABLE_TESTABILITY = YES;
				GCC_C_LANGUAGE_STANDARD = gnu11;
				GCC_DYNAMIC_NO_PIC = NO;
				GCC_NO_COMMON_BLOCKS = YES;
				GCC_OPTIMIZATION_LEVEL = 0;
				GCC_PREPROCESSOR_DEFINITIONS = (
					"DEBUG=1",
					"$(inherited)",
				);
				GCC_WARN_64_TO_32_BIT_CONVERSION = YES;
				GCC_WARN_ABOUT_RETURN_TYPE = YES_ERROR;
				GCC_WARN_UNDECLARED_SELECTOR = YES;
				GCC_WARN_UNINITIALIZED_AUTOS = YES_AGGRESSIVE;
				GCC_WARN_UNUSED_FUNCTION = YES;
				GCC_WARN_UNUSED_VARIABLE = YES;
				IPHONEOS_DEPLOYMENT_TARGET = 16.0;
				MTL_ENABLE_DEBUG_INFO = INCLUDE_SOURCE;
				MTL_FAST_MATH = YES;
				ONLY_ACTIVE_ARCH = YES;
				SDKROOT = iphoneos;
				SWIFT_ACTIVE_COMPILATION_CONDITIONS = DEBUG;
				SWIFT_OPTIMIZATION_LEVEL = "-Onone";
			};
			name = Debug;
		};
		E8A7B21A28DADC5F00488CCF /* Release */ = {
			isa = XCBuildConfiguration;
			buildSettings = {
				ALWAYS_SEARCH_USER_PATHS = NO;
				CLANG_ANALYZER_NONNULL = YES;
				CLANG_ANALYZER_NUMBER_OBJECT_CONVERSION = YES_AGGRESSIVE;
				CLANG_CXX_LANGUAGE_STANDARD = "gnu++20";
				CLANG_ENABLE_MODULES = YES;
				CLANG_ENABLE_OBJC_ARC = YES;
				CLANG_ENABLE_OBJC_WEAK = YES;
				CLANG_WARN_BLOCK_CAPTURE_AUTORELEASING = YES;
				CLANG_WARN_BOOL_CONVERSION = YES;
				CLANG_WARN_COMMA = YES;
				CLANG_WARN_CONSTANT_CONVERSION = YES;
				CLANG_WARN_DEPRECATED_OBJC_IMPLEMENTATIONS = YES;
				CLANG_WARN_DIRECT_OBJC_ISA_USAGE = YES_ERROR;
				CLANG_WARN_DOCUMENTATION_COMMENTS = YES;
				CLANG_WARN_EMPTY_BODY = YES;
				CLANG_WARN_ENUM_CONVERSION = YES;
				CLANG_WARN_INFINITE_RECURSION = YES;
				CLANG_WARN_INT_CONVERSION = YES;
				CLANG_WARN_NON_LITERAL_NULL_CONVERSION = YES;
				CLANG_WARN_OBJC_IMPLICIT_RETAIN_SELF = YES;
				CLANG_WARN_OBJC_LITERAL_CONVERSION = YES;
				CLANG_WARN_OBJC_ROOT_CLASS = YES_ERROR;
				CLANG_WARN_QUOTED_INCLUDE_IN_FRAMEWORK_HEADER = YES;
				CLANG_WARN_RANGE_LOOP_ANALYSIS = YES;
				CLANG_WARN_STRICT_PROTOTYPES = YES;
				CLANG_WARN_SUSPICIOUS_MOVE = YES;
				CLANG_WARN_UNGUARDED_AVAILABILITY = YES_AGGRESSIVE;
				CLANG_WARN_UNREACHABLE_CODE = YES;
				CLANG_WARN__DUPLICATE_METHOD_MATCH = YES;
				COPY_PHASE_STRIP = NO;
				DEBUG_INFORMATION_FORMAT = "dwarf-with-dsym";
				ENABLE_NS_ASSERTIONS = NO;
				ENABLE_STRICT_OBJC_MSGSEND = YES;
				GCC_C_LANGUAGE_STANDARD = gnu11;
				GCC_NO_COMMON_BLOCKS = YES;
				GCC_WARN_64_TO_32_BIT_CONVERSION = YES;
				GCC_WARN_ABOUT_RETURN_TYPE = YES_ERROR;
				GCC_WARN_UNDECLARED_SELECTOR = YES;
				GCC_WARN_UNINITIALIZED_AUTOS = YES_AGGRESSIVE;
				GCC_WARN_UNUSED_FUNCTION = YES;
				GCC_WARN_UNUSED_VARIABLE = YES;
				IPHONEOS_DEPLOYMENT_TARGET = 16.0;
				MTL_ENABLE_DEBUG_INFO = NO;
				MTL_FAST_MATH = YES;
				SDKROOT = iphoneos;
				SWIFT_COMPILATION_MODE = wholemodule;
				SWIFT_OPTIMIZATION_LEVEL = "-O";
				VALIDATE_PRODUCT = YES;
			};
			name = Release;
		};
		E8A7B21C28DADC5F00488CCF /* Debug */ = {
			isa = XCBuildConfiguration;
			buildSettings = {
				ASSETCATALOG_COMPILER_APPICON_NAME = AppIcon;
				ASSETCATALOG_COMPILER_GLOBAL_ACCENT_COLOR_NAME = AccentColor;
				CODE_SIGN_STYLE = Automatic;
				CURRENT_PROJECT_VERSION = 1;
				DEVELOPMENT_ASSET_PATHS = "\"Landmarks/Preview Content\"";
				DEVELOPMENT_TEAM = U2W4XX3YA8;
				ENABLE_PREVIEWS = YES;
				GENERATE_INFOPLIST_FILE = YES;
				INFOPLIST_KEY_UIApplicationSceneManifest_Generation = YES;
				INFOPLIST_KEY_UIApplicationSupportsIndirectInputEvents = YES;
				INFOPLIST_KEY_UILaunchScreen_Generation = YES;
				INFOPLIST_KEY_UISupportedInterfaceOrientations_iPad = "UIInterfaceOrientationPortrait UIInterfaceOrientationPortraitUpsideDown UIInterfaceOrientationLandscapeLeft UIInterfaceOrientationLandscapeRight";
				INFOPLIST_KEY_UISupportedInterfaceOrientations_iPhone = "UIInterfaceOrientationPortrait UIInterfaceOrientationLandscapeLeft UIInterfaceOrientationLandscapeRight";
				LD_RUNPATH_SEARCH_PATHS = (
					"$(inherited)",
					"@executable_path/Frameworks",
				);
				MARKETING_VERSION = 1.0;
				PRODUCT_BUNDLE_IDENTIFIER = com.dexfactory.swiftui.tutorial.landmark;
				PRODUCT_NAME = "$(TARGET_NAME)";
				SWIFT_EMIT_LOC_STRINGS = YES;
				SWIFT_VERSION = 5.0;
				TARGETED_DEVICE_FAMILY = "1,2";
			};
			name = Debug;
		};
		E8A7B21D28DADC5F00488CCF /* Release */ = {
			isa = XCBuildConfiguration;
			buildSettings = {
				ASSETCATALOG_COMPILER_APPICON_NAME = AppIcon;
				ASSETCATALOG_COMPILER_GLOBAL_ACCENT_COLOR_NAME = AccentColor;
				CODE_SIGN_STYLE = Automatic;
				CURRENT_PROJECT_VERSION = 1;
				DEVELOPMENT_ASSET_PATHS = "\"Landmarks/Preview Content\"";
				DEVELOPMENT_TEAM = U2W4XX3YA8;
				ENABLE_PREVIEWS = YES;
				GENERATE_INFOPLIST_FILE = YES;
				INFOPLIST_KEY_UIApplicationSceneManifest_Generation = YES;
				INFOPLIST_KEY_UIApplicationSupportsIndirectInputEvents = YES;
				INFOPLIST_KEY_UILaunchScreen_Generation = YES;
				INFOPLIST_KEY_UISupportedInterfaceOrientations_iPad = "UIInterfaceOrientationPortrait UIInterfaceOrientationPortraitUpsideDown UIInterfaceOrientationLandscapeLeft UIInterfaceOrientationLandscapeRight";
				INFOPLIST_KEY_UISupportedInterfaceOrientations_iPhone = "UIInterfaceOrientationPortrait UIInterfaceOrientationLandscapeLeft UIInterfaceOrientationLandscapeRight";
				LD_RUNPATH_SEARCH_PATHS = (
					"$(inherited)",
					"@executable_path/Frameworks",
				);
				MARKETING_VERSION = 1.0;
				PRODUCT_BUNDLE_IDENTIFIER = com.dexfactory.swiftui.tutorial.landmark;
				PRODUCT_NAME = "$(TARGET_NAME)";
				SWIFT_EMIT_LOC_STRINGS = YES;
				SWIFT_VERSION = 5.0;
				TARGETED_DEVICE_FAMILY = "1,2";
			};
			name = Release;
		};
		E8A7B21F28DADC5F00488CCF /* Debug */ = {
			isa = XCBuildConfiguration;
			buildSettings = {
				ALWAYS_EMBED_SWIFT_STANDARD_LIBRARIES = YES;
				BUNDLE_LOADER = "$(TEST_HOST)";
				CODE_SIGN_STYLE = Automatic;
				CURRENT_PROJECT_VERSION = 1;
				DEVELOPMENT_TEAM = U2W4XX3YA8;
				GENERATE_INFOPLIST_FILE = YES;
				IPHONEOS_DEPLOYMENT_TARGET = 16.0;
				MARKETING_VERSION = 1.0;
				PRODUCT_BUNDLE_IDENTIFIER = com.apple.swiftui.tutorial.LandmarksTests;
				PRODUCT_NAME = "$(TARGET_NAME)";
				SWIFT_EMIT_LOC_STRINGS = NO;
				SWIFT_VERSION = 5.0;
				TARGETED_DEVICE_FAMILY = "1,2";
				TEST_HOST = "$(BUILT_PRODUCTS_DIR)/Landmarks.app/$(BUNDLE_EXECUTABLE_FOLDER_PATH)/Landmarks";
			};
			name = Debug;
		};
		E8A7B22028DADC5F00488CCF /* Release */ = {
			isa = XCBuildConfiguration;
			buildSettings = {
				ALWAYS_EMBED_SWIFT_STANDARD_LIBRARIES = YES;
				BUNDLE_LOADER = "$(TEST_HOST)";
				CODE_SIGN_STYLE = Automatic;
				CURRENT_PROJECT_VERSION = 1;
				DEVELOPMENT_TEAM = U2W4XX3YA8;
				GENERATE_INFOPLIST_FILE = YES;
				IPHONEOS_DEPLOYMENT_TARGET = 16.0;
				MARKETING_VERSION = 1.0;
				PRODUCT_BUNDLE_IDENTIFIER = com.apple.swiftui.tutorial.LandmarksTests;
				PRODUCT_NAME = "$(TARGET_NAME)";
				SWIFT_EMIT_LOC_STRINGS = NO;
				SWIFT_VERSION = 5.0;
				TARGETED_DEVICE_FAMILY = "1,2";
				TEST_HOST = "$(BUILT_PRODUCTS_DIR)/Landmarks.app/$(BUNDLE_EXECUTABLE_FOLDER_PATH)/Landmarks";
			};
			name = Release;
		};
		E8A7B22228DADC5F00488CCF /* Debug */ = {
			isa = XCBuildConfiguration;
			buildSettings = {
				ALWAYS_EMBED_SWIFT_STANDARD_LIBRARIES = YES;
				CODE_SIGN_STYLE = Automatic;
				CURRENT_PROJECT_VERSION = 1;
				DEVELOPMENT_TEAM = U2W4XX3YA8;
				GENERATE_INFOPLIST_FILE = YES;
				MARKETING_VERSION = 1.0;
				PRODUCT_BUNDLE_IDENTIFIER = com.apple.swiftui.tutorial.LandmarksUITests;
				PRODUCT_NAME = "$(TARGET_NAME)";
				SWIFT_EMIT_LOC_STRINGS = NO;
				SWIFT_VERSION = 5.0;
				TARGETED_DEVICE_FAMILY = "1,2";
				TEST_TARGET_NAME = Landmarks;
			};
			name = Debug;
		};
		E8A7B22328DADC5F00488CCF /* Release */ = {
			isa = XCBuildConfiguration;
			buildSettings = {
				ALWAYS_EMBED_SWIFT_STANDARD_LIBRARIES = YES;
				CODE_SIGN_STYLE = Automatic;
				CURRENT_PROJECT_VERSION = 1;
				DEVELOPMENT_TEAM = U2W4XX3YA8;
				GENERATE_INFOPLIST_FILE = YES;
				MARKETING_VERSION = 1.0;
				PRODUCT_BUNDLE_IDENTIFIER = com.apple.swiftui.tutorial.LandmarksUITests;
				PRODUCT_NAME = "$(TARGET_NAME)";
				SWIFT_EMIT_LOC_STRINGS = NO;
				SWIFT_VERSION = 5.0;
				TARGETED_DEVICE_FAMILY = "1,2";
				TEST_TARGET_NAME = Landmarks;
			};
			name = Release;
		};
/* End XCBuildConfiguration section */

/* Begin XCConfigurationList section */
		E8A7B1F228DADC5E00488CCF /* Build configuration list for PBXProject "Landmarks" */ = {
			isa = XCConfigurationList;
			buildConfigurations = (
				E8A7B21928DADC5F00488CCF /* Debug */,
				E8A7B21A28DADC5F00488CCF /* Release */,
			);
			defaultConfigurationIsVisible = 0;
			defaultConfigurationName = Release;
		};
		E8A7B21B28DADC5F00488CCF /* Build configuration list for PBXNativeTarget "Landmarks" */ = {
			isa = XCConfigurationList;
			buildConfigurations = (
				E8A7B21C28DADC5F00488CCF /* Debug */,
				E8A7B21D28DADC5F00488CCF /* Release */,
			);
			defaultConfigurationIsVisible = 0;
			defaultConfigurationName = Release;
		};
		E8A7B21E28DADC5F00488CCF /* Build configuration list for PBXNativeTarget "LandmarksTests" */ = {
			isa = XCConfigurationList;
			buildConfigurations = (
				E8A7B21F28DADC5F00488CCF /* Debug */,
				E8A7B22028DADC5F00488CCF /* Release */,
			);
			defaultConfigurationIsVisible = 0;
			defaultConfigurationName = Release;
		};
		E8A7B22128DADC5F00488CCF /* Build configuration list for PBXNativeTarget "LandmarksUITests" */ = {
			isa = XCConfigurationList;
			buildConfigurations = (
				E8A7B22228DADC5F00488CCF /* Debug */,
				E8A7B22328DADC5F00488CCF /* Release */,
			);
			defaultConfigurationIsVisible = 0;
			defaultConfigurationName = Release;
		};
/* End XCConfigurationList section */
	};
	rootObject = E8A7B1EF28DADC5E00488CCF /* Project object */;
}
